// !$*UTF8*$!
{
	archiveVersion = 1;
	classes = {
	};
	objectVersion = 56;
	objects = {

/* Begin PBXBuildFile section */
		DD1530D72AC8442D006C9964 /* StartPlayViewController.swift in Sources */ = {isa = PBXBuildFile; fileRef = DD1530D62AC8442D006C9964 /* StartPlayViewController.swift */; };
		DD3BAEFC2AC60DD1004C7200 /* CustomAlertSettingView.swift in Sources */ = {isa = PBXBuildFile; fileRef = DD3BAEFB2AC60DD1004C7200 /* CustomAlertSettingView.swift */; };
		DD3BAEFE2AC760F8004C7200 /* UIStackView + Extensions.swift in Sources */ = {isa = PBXBuildFile; fileRef = DD3BAEFD2AC760F8004C7200 /* UIStackView + Extensions.swift */; };
		DD3BAF032AC78285004C7200 /* MusicSetting.swift in Sources */ = {isa = PBXBuildFile; fileRef = DD3BAF022AC78285004C7200 /* MusicSetting.swift */; };
		DD44F5A52AD1A2E80068B240 /* Hand.swift in Sources */ = {isa = PBXBuildFile; fileRef = DD44F5A42AD1A2E80068B240 /* Hand.swift */; };
		DD44F5AA2AD1D0AC0068B240 /* GameState.swift in Sources */ = {isa = PBXBuildFile; fileRef = DD44F5A92AD1D0AC0068B240 /* GameState.swift */; };
		DD44F5AC2AD1D1380068B240 /* Sign.swift in Sources */ = {isa = PBXBuildFile; fileRef = DD44F5AB2AD1D1380068B240 /* Sign.swift */; };
		DD44F5AE2AD2DAA00068B240 /* CustomAlert.swift in Sources */ = {isa = PBXBuildFile; fileRef = DD44F5AD2AD2DAA00068B240 /* CustomAlert.swift */; };
		DD664AE72AC0AA29008B1363 /* AppDelegate.swift in Sources */ = {isa = PBXBuildFile; fileRef = DD664AE62AC0AA29008B1363 /* AppDelegate.swift */; };
		DD664AE92AC0AA29008B1363 /* SceneDelegate.swift in Sources */ = {isa = PBXBuildFile; fileRef = DD664AE82AC0AA29008B1363 /* SceneDelegate.swift */; };
		DD664AEB2AC0AA29008B1363 /* ViewController.swift in Sources */ = {isa = PBXBuildFile; fileRef = DD664AEA2AC0AA29008B1363 /* ViewController.swift */; };
		DD664AF02AC0AA2B008B1363 /* Assets.xcassets in Resources */ = {isa = PBXBuildFile; fileRef = DD664AEF2AC0AA2B008B1363 /* Assets.xcassets */; };
		DD664AF32AC0AA2B008B1363 /* LaunchScreen.storyboard in Resources */ = {isa = PBXBuildFile; fileRef = DD664AF12AC0AA2B008B1363 /* LaunchScreen.storyboard */; };
		DD664B032AC0AC28008B1363 /* UIColor + Extensions.swift in Sources */ = {isa = PBXBuildFile; fileRef = DD664B022AC0AC28008B1363 /* UIColor + Extensions.swift */; };
		DD664B0B2AC0BCDA008B1363 /* Roboto-Medium.ttf in Resources */ = {isa = PBXBuildFile; fileRef = DD664B092AC0BCDA008B1363 /* Roboto-Medium.ttf */; };
		DD664B0C2AC0BCDA008B1363 /* Roboto-Bold.ttf in Resources */ = {isa = PBXBuildFile; fileRef = DD664B0A2AC0BCDA008B1363 /* Roboto-Bold.ttf */; };
		DD664B0E2AC0BD5B008B1363 /* UIFont + Extensions.swift in Sources */ = {isa = PBXBuildFile; fileRef = DD664B0D2AC0BD5B008B1363 /* UIFont + Extensions.swift */; };
		DD7DE1412AC978680072890B /* UIView + Extensions.swift in Sources */ = {isa = PBXBuildFile; fileRef = DD7DE1402AC978680072890B /* UIView + Extensions.swift */; };
		DD7DE1432AC986720072890B /* lady-of-the-80x27s-128379.mp3 in Resources */ = {isa = PBXBuildFile; fileRef = DD7DE1422AC986720072890B /* lady-of-the-80x27s-128379.mp3 */; };
/* End PBXBuildFile section */

/* Begin PBXFileReference section */
		DD1530D62AC8442D006C9964 /* StartPlayViewController.swift */ = {isa = PBXFileReference; lastKnownFileType = sourcecode.swift; path = StartPlayViewController.swift; sourceTree = "<group>"; };
		DD3BAEFB2AC60DD1004C7200 /* CustomAlertSettingView.swift */ = {isa = PBXFileReference; lastKnownFileType = sourcecode.swift; path = CustomAlertSettingView.swift; sourceTree = "<group>"; };
		DD3BAEFD2AC760F8004C7200 /* UIStackView + Extensions.swift */ = {isa = PBXFileReference; lastKnownFileType = sourcecode.swift; path = "UIStackView + Extensions.swift"; sourceTree = "<group>"; };
		DD3BAF022AC78285004C7200 /* MusicSetting.swift */ = {isa = PBXFileReference; lastKnownFileType = sourcecode.swift; path = MusicSetting.swift; sourceTree = "<group>"; };
		DD44F5A42AD1A2E80068B240 /* Hand.swift */ = {isa = PBXFileReference; lastKnownFileType = sourcecode.swift; path = Hand.swift; sourceTree = "<group>"; };
		DD44F5A92AD1D0AC0068B240 /* GameState.swift */ = {isa = PBXFileReference; lastKnownFileType = sourcecode.swift; path = GameState.swift; sourceTree = "<group>"; };
		DD44F5AB2AD1D1380068B240 /* Sign.swift */ = {isa = PBXFileReference; lastKnownFileType = sourcecode.swift; path = Sign.swift; sourceTree = "<group>"; };
		DD44F5AD2AD2DAA00068B240 /* CustomAlert.swift */ = {isa = PBXFileReference; lastKnownFileType = sourcecode.swift; path = CustomAlert.swift; sourceTree = "<group>"; };
		DD664AE32AC0AA29008B1363 /* rockPaperScissors.app */ = {isa = PBXFileReference; explicitFileType = wrapper.application; includeInIndex = 0; path = rockPaperScissors.app; sourceTree = BUILT_PRODUCTS_DIR; };
		DD664AE62AC0AA29008B1363 /* AppDelegate.swift */ = {isa = PBXFileReference; lastKnownFileType = sourcecode.swift; path = AppDelegate.swift; sourceTree = "<group>"; };
		DD664AE82AC0AA29008B1363 /* SceneDelegate.swift */ = {isa = PBXFileReference; lastKnownFileType = sourcecode.swift; path = SceneDelegate.swift; sourceTree = "<group>"; };
		DD664AEA2AC0AA29008B1363 /* ViewController.swift */ = {isa = PBXFileReference; lastKnownFileType = sourcecode.swift; path = ViewController.swift; sourceTree = "<group>"; };
		DD664AEF2AC0AA2B008B1363 /* Assets.xcassets */ = {isa = PBXFileReference; lastKnownFileType = folder.assetcatalog; path = Assets.xcassets; sourceTree = "<group>"; };
		DD664AF22AC0AA2B008B1363 /* Base */ = {isa = PBXFileReference; lastKnownFileType = file.storyboard; name = Base; path = Base.lproj/LaunchScreen.storyboard; sourceTree = "<group>"; };
		DD664AF42AC0AA2B008B1363 /* Info.plist */ = {isa = PBXFileReference; lastKnownFileType = text.plist.xml; path = Info.plist; sourceTree = "<group>"; };
		DD664B022AC0AC28008B1363 /* UIColor + Extensions.swift */ = {isa = PBXFileReference; lastKnownFileType = sourcecode.swift; path = "UIColor + Extensions.swift"; sourceTree = "<group>"; };
		DD664B092AC0BCDA008B1363 /* Roboto-Medium.ttf */ = {isa = PBXFileReference; lastKnownFileType = file; path = "Roboto-Medium.ttf"; sourceTree = "<group>"; };
		DD664B0A2AC0BCDA008B1363 /* Roboto-Bold.ttf */ = {isa = PBXFileReference; lastKnownFileType = file; path = "Roboto-Bold.ttf"; sourceTree = "<group>"; };
		DD664B0D2AC0BD5B008B1363 /* UIFont + Extensions.swift */ = {isa = PBXFileReference; lastKnownFileType = sourcecode.swift; path = "UIFont + Extensions.swift"; sourceTree = "<group>"; };
		DD7DE1402AC978680072890B /* UIView + Extensions.swift */ = {isa = PBXFileReference; lastKnownFileType = sourcecode.swift; path = "UIView + Extensions.swift"; sourceTree = "<group>"; };
		DD7DE1422AC986720072890B /* lady-of-the-80x27s-128379.mp3 */ = {isa = PBXFileReference; lastKnownFileType = audio.mp3; path = "lady-of-the-80x27s-128379.mp3"; sourceTree = "<group>"; };
/* End PBXFileReference section */

/* Begin PBXFrameworksBuildPhase section */
		DD664AE02AC0AA29008B1363 /* Frameworks */ = {
			isa = PBXFrameworksBuildPhase;
			buildActionMask = 2147483647;
			files = (
			);
			runOnlyForDeploymentPostprocessing = 0;
		};
/* End PBXFrameworksBuildPhase section */

/* Begin PBXGroup section */
		DD1530D02AC84378006C9964 /* StartPlayModule */ = {
			isa = PBXGroup;
			children = (
				DD44F5A62AD1D06A0068B240 /* Model */,
				DD1530D22AC843AA006C9964 /* Views */,
				DD1530D32AC843B3006C9964 /* Controllers */,
			);
			path = StartPlayModule;
			sourceTree = "<group>";
		};
		DD1530D22AC843AA006C9964 /* Views */ = {
			isa = PBXGroup;
			children = (
				DD44F5A42AD1A2E80068B240 /* Hand.swift */,
			);
			path = Views;
			sourceTree = "<group>";
		};
		DD1530D32AC843B3006C9964 /* Controllers */ = {
			isa = PBXGroup;
			children = (
				DD1530D62AC8442D006C9964 /* StartPlayViewController.swift */,
			);
			path = Controllers;
			sourceTree = "<group>";
		};
		DD3BAEFA2AC60DB9004C7200 /* Components */ = {
			isa = PBXGroup;
			children = (
				DD3BAF022AC78285004C7200 /* MusicSetting.swift */,
				DD44F5AD2AD2DAA00068B240 /* CustomAlert.swift */,
			);
			path = Components;
			sourceTree = "<group>";
		};
		DD3BAEFF2AC77D9E004C7200 /* Music */ = {
			isa = PBXGroup;
			children = (
				DD7DE1422AC986720072890B /* lady-of-the-80x27s-128379.mp3 */,
			);
			path = Music;
			sourceTree = "<group>";
		};
		DD44F5A62AD1D06A0068B240 /* Model */ = {
			isa = PBXGroup;
			children = (
				DD44F5A92AD1D0AC0068B240 /* GameState.swift */,
				DD44F5AB2AD1D1380068B240 /* Sign.swift */,
			);
			path = Model;
			sourceTree = "<group>";
		};
		DD664ADA2AC0AA29008B1363 = {
			isa = PBXGroup;
			children = (
				DD664AE52AC0AA29008B1363 /* rockPaperScissors */,
				DD664AE42AC0AA29008B1363 /* Products */,
			);
			sourceTree = "<group>";
		};
		DD664AE42AC0AA29008B1363 /* Products */ = {
			isa = PBXGroup;
			children = (
				DD664AE32AC0AA29008B1363 /* rockPaperScissors.app */,
			);
			name = Products;
			sourceTree = "<group>";
		};
		DD664AE52AC0AA29008B1363 /* rockPaperScissors */ = {
			isa = PBXGroup;
			children = (
				DD664AFA2AC0AAFE008B1363 /* Application */,
				DD664AFD2AC0AB5E008B1363 /* MainModule */,
				DD1530D02AC84378006C9964 /* StartPlayModule */,
				DD664B002AC0ABC3008B1363 /* Extensions */,
				DD664AFB2AC0AB24008B1363 /* SupportingFiles */,
			);
			path = rockPaperScissors;
			sourceTree = "<group>";
		};
		DD664AFA2AC0AAFE008B1363 /* Application */ = {
			isa = PBXGroup;
			children = (
				DD664AE62AC0AA29008B1363 /* AppDelegate.swift */,
				DD664AE82AC0AA29008B1363 /* SceneDelegate.swift */,
			);
			path = Application;
			sourceTree = "<group>";
		};
		DD664AFB2AC0AB24008B1363 /* SupportingFiles */ = {
			isa = PBXGroup;
			children = (
				DD3BAEFF2AC77D9E004C7200 /* Music */,
				DD664B042AC0BC8B008B1363 /* Fonts */,
				DD664AEF2AC0AA2B008B1363 /* Assets.xcassets */,
				DD664AF12AC0AA2B008B1363 /* LaunchScreen.storyboard */,
				DD664AF42AC0AA2B008B1363 /* Info.plist */,
			);
			path = SupportingFiles;
			sourceTree = "<group>";
		};
		DD664AFC2AC0AB50008B1363 /* Controllers */ = {
			isa = PBXGroup;
			children = (
				DD664AEA2AC0AA29008B1363 /* ViewController.swift */,
			);
			path = Controllers;
			sourceTree = "<group>";
		};
		DD664AFD2AC0AB5E008B1363 /* MainModule */ = {
			isa = PBXGroup;
			children = (
				DD664AFE2AC0AB6C008B1363 /* Views */,
				DD664AFC2AC0AB50008B1363 /* Controllers */,
			);
			path = MainModule;
			sourceTree = "<group>";
		};
		DD664AFE2AC0AB6C008B1363 /* Views */ = {
			isa = PBXGroup;
			children = (
				DD3BAEFB2AC60DD1004C7200 /* CustomAlertSettingView.swift */,
			);
			path = Views;
			sourceTree = "<group>";
		};
		DD664B002AC0ABC3008B1363 /* Extensions */ = {
			isa = PBXGroup;
			children = (
				DD3BAEFA2AC60DB9004C7200 /* Components */,
				DD664B012AC0ABD7008B1363 /* UIKit */,
			);
			path = Extensions;
			sourceTree = "<group>";
		};
		DD664B012AC0ABD7008B1363 /* UIKit */ = {
			isa = PBXGroup;
			children = (
				DD664B022AC0AC28008B1363 /* UIColor + Extensions.swift */,
				DD664B0D2AC0BD5B008B1363 /* UIFont + Extensions.swift */,
				DD3BAEFD2AC760F8004C7200 /* UIStackView + Extensions.swift */,
				DD7DE1402AC978680072890B /* UIView + Extensions.swift */,
			);
			path = UIKit;
			sourceTree = "<group>";
		};
		DD664B042AC0BC8B008B1363 /* Fonts */ = {
			isa = PBXGroup;
			children = (
				DD664B0A2AC0BCDA008B1363 /* Roboto-Bold.ttf */,
				DD664B092AC0BCDA008B1363 /* Roboto-Medium.ttf */,
			);
			path = Fonts;
			sourceTree = "<group>";
		};
/* End PBXGroup section */

/* Begin PBXNativeTarget section */
		DD664AE22AC0AA29008B1363 /* rockPaperScissors */ = {
			isa = PBXNativeTarget;
			buildConfigurationList = DD664AF72AC0AA2B008B1363 /* Build configuration list for PBXNativeTarget "rockPaperScissors" */;
			buildPhases = (
				DD664ADF2AC0AA29008B1363 /* Sources */,
				DD664AE02AC0AA29008B1363 /* Frameworks */,
				DD664AE12AC0AA29008B1363 /* Resources */,
			);
			buildRules = (
			);
			dependencies = (
			);
			name = rockPaperScissors;
			productName = rockPaperScissors;
			productReference = DD664AE32AC0AA29008B1363 /* rockPaperScissors.app */;
			productType = "com.apple.product-type.application";
		};
/* End PBXNativeTarget section */

/* Begin PBXProject section */
		DD664ADB2AC0AA29008B1363 /* Project object */ = {
			isa = PBXProject;
			attributes = {
				BuildIndependentTargetsInParallel = 1;
				LastSwiftUpdateCheck = 1430;
				LastUpgradeCheck = 1500;
				TargetAttributes = {
					DD664AE22AC0AA29008B1363 = {
						CreatedOnToolsVersion = 14.3.1;
					};
				};
			};
			buildConfigurationList = DD664ADE2AC0AA29008B1363 /* Build configuration list for PBXProject "rockPaperScissors" */;
			compatibilityVersion = "Xcode 14.0";
			developmentRegion = en;
			hasScannedForEncodings = 0;
			knownRegions = (
				en,
				Base,
			);
			mainGroup = DD664ADA2AC0AA29008B1363;
			productRefGroup = DD664AE42AC0AA29008B1363 /* Products */;
			projectDirPath = "";
			projectRoot = "";
			targets = (
				DD664AE22AC0AA29008B1363 /* rockPaperScissors */,
			);
		};
/* End PBXProject section */

/* Begin PBXResourcesBuildPhase section */
		DD664AE12AC0AA29008B1363 /* Resources */ = {
			isa = PBXResourcesBuildPhase;
			buildActionMask = 2147483647;
			files = (
				DD664AF32AC0AA2B008B1363 /* LaunchScreen.storyboard in Resources */,
				DD664AF02AC0AA2B008B1363 /* Assets.xcassets in Resources */,
				DD664B0C2AC0BCDA008B1363 /* Roboto-Bold.ttf in Resources */,
				DD664B0B2AC0BCDA008B1363 /* Roboto-Medium.ttf in Resources */,
				DD7DE1432AC986720072890B /* lady-of-the-80x27s-128379.mp3 in Resources */,
			);
			runOnlyForDeploymentPostprocessing = 0;
		};
/* End PBXResourcesBuildPhase section */

/* Begin PBXSourcesBuildPhase section */
		DD664ADF2AC0AA29008B1363 /* Sources */ = {
			isa = PBXSourcesBuildPhase;
			buildActionMask = 2147483647;
			files = (
				DD664AEB2AC0AA29008B1363 /* ViewController.swift in Sources */,
				DD44F5AC2AD1D1380068B240 /* Sign.swift in Sources */,
				DD44F5AA2AD1D0AC0068B240 /* GameState.swift in Sources */,
				DD1530D72AC8442D006C9964 /* StartPlayViewController.swift in Sources */,
				DD664B032AC0AC28008B1363 /* UIColor + Extensions.swift in Sources */,
				DD44F5A52AD1A2E80068B240 /* Hand.swift in Sources */,
				DD3BAEFE2AC760F8004C7200 /* UIStackView + Extensions.swift in Sources */,
				DD664B0E2AC0BD5B008B1363 /* UIFont + Extensions.swift in Sources */,
				DD44F5AE2AD2DAA00068B240 /* CustomAlert.swift in Sources */,
				DD3BAF032AC78285004C7200 /* MusicSetting.swift in Sources */,
				DD7DE1412AC978680072890B /* UIView + Extensions.swift in Sources */,
				DD3BAEFC2AC60DD1004C7200 /* CustomAlertSettingView.swift in Sources */,
				DD664AE72AC0AA29008B1363 /* AppDelegate.swift in Sources */,
				DD664AE92AC0AA29008B1363 /* SceneDelegate.swift in Sources */,
			);
			runOnlyForDeploymentPostprocessing = 0;
		};
/* End PBXSourcesBuildPhase section */

/* Begin PBXVariantGroup section */
		DD664AF12AC0AA2B008B1363 /* LaunchScreen.storyboard */ = {
			isa = PBXVariantGroup;
			children = (
				DD664AF22AC0AA2B008B1363 /* Base */,
			);
			name = LaunchScreen.storyboard;
			sourceTree = "<group>";
		};
/* End PBXVariantGroup section */

/* Begin XCBuildConfiguration section */
		DD664AF52AC0AA2B008B1363 /* Debug */ = {
			isa = XCBuildConfiguration;
			buildSettings = {
				ALWAYS_SEARCH_USER_PATHS = NO;
				CLANG_ANALYZER_NONNULL = YES;
				CLANG_ANALYZER_NUMBER_OBJECT_CONVERSION = YES_AGGRESSIVE;
				CLANG_CXX_LANGUAGE_STANDARD = "gnu++20";
				CLANG_ENABLE_MODULES = YES;
				CLANG_ENABLE_OBJC_ARC = YES;
				CLANG_ENABLE_OBJC_WEAK = YES;
				CLANG_WARN_BLOCK_CAPTURE_AUTORELEASING = YES;
				CLANG_WARN_BOOL_CONVERSION = YES;
				CLANG_WARN_COMMA = YES;
				CLANG_WARN_CONSTANT_CONVERSION = YES;
				CLANG_WARN_DEPRECATED_OBJC_IMPLEMENTATIONS = YES;
				CLANG_WARN_DIRECT_OBJC_ISA_USAGE = YES_ERROR;
				CLANG_WARN_DOCUMENTATION_COMMENTS = YES;
				CLANG_WARN_EMPTY_BODY = YES;
				CLANG_WARN_ENUM_CONVERSION = YES;
				CLANG_WARN_INFINITE_RECURSION = YES;
				CLANG_WARN_INT_CONVERSION = YES;
				CLANG_WARN_NON_LITERAL_NULL_CONVERSION = YES;
				CLANG_WARN_OBJC_IMPLICIT_RETAIN_SELF = YES;
				CLANG_WARN_OBJC_LITERAL_CONVERSION = YES;
				CLANG_WARN_OBJC_ROOT_CLASS = YES_ERROR;
				CLANG_WARN_QUOTED_INCLUDE_IN_FRAMEWORK_HEADER = YES;
				CLANG_WARN_RANGE_LOOP_ANALYSIS = YES;
				CLANG_WARN_STRICT_PROTOTYPES = YES;
				CLANG_WARN_SUSPICIOUS_MOVE = YES;
				CLANG_WARN_UNGUARDED_AVAILABILITY = YES_AGGRESSIVE;
				CLANG_WARN_UNREACHABLE_CODE = YES;
				CLANG_WARN__DUPLICATE_METHOD_MATCH = YES;
				COPY_PHASE_STRIP = NO;
				DEBUG_INFORMATION_FORMAT = dwarf;
				ENABLE_STRICT_OBJC_MSGSEND = YES;
				ENABLE_TESTABILITY = YES;
				ENABLE_USER_SCRIPT_SANDBOXING = YES;
				GCC_C_LANGUAGE_STANDARD = gnu11;
				GCC_DYNAMIC_NO_PIC = NO;
				GCC_NO_COMMON_BLOCKS = YES;
				GCC_OPTIMIZATION_LEVEL = 0;
				GCC_PREPROCESSOR_DEFINITIONS = (
					"DEBUG=1",
					"$(inherited)",
				);
				GCC_WARN_64_TO_32_BIT_CONVERSION = YES;
				GCC_WARN_ABOUT_RETURN_TYPE = YES_ERROR;
				GCC_WARN_UNDECLARED_SELECTOR = YES;
				GCC_WARN_UNINITIALIZED_AUTOS = YES_AGGRESSIVE;
				GCC_WARN_UNUSED_FUNCTION = YES;
				GCC_WARN_UNUSED_VARIABLE = YES;
				IPHONEOS_DEPLOYMENT_TARGET = 17.0;
				MTL_ENABLE_DEBUG_INFO = INCLUDE_SOURCE;
				MTL_FAST_MATH = YES;
				ONLY_ACTIVE_ARCH = YES;
				SDKROOT = iphoneos;
				SWIFT_ACTIVE_COMPILATION_CONDITIONS = DEBUG;
				SWIFT_OPTIMIZATION_LEVEL = "-Onone";
			};
			name = Debug;
		};
		DD664AF62AC0AA2B008B1363 /* Release */ = {
			isa = XCBuildConfiguration;
			buildSettings = {
				ALWAYS_SEARCH_USER_PATHS = NO;
				CLANG_ANALYZER_NONNULL = YES;
				CLANG_ANALYZER_NUMBER_OBJECT_CONVERSION = YES_AGGRESSIVE;
				CLANG_CXX_LANGUAGE_STANDARD = "gnu++20";
				CLANG_ENABLE_MODULES = YES;
				CLANG_ENABLE_OBJC_ARC = YES;
				CLANG_ENABLE_OBJC_WEAK = YES;
				CLANG_WARN_BLOCK_CAPTURE_AUTORELEASING = YES;
				CLANG_WARN_BOOL_CONVERSION = YES;
				CLANG_WARN_COMMA = YES;
				CLANG_WARN_CONSTANT_CONVERSION = YES;
				CLANG_WARN_DEPRECATED_OBJC_IMPLEMENTATIONS = YES;
				CLANG_WARN_DIRECT_OBJC_ISA_USAGE = YES_ERROR;
				CLANG_WARN_DOCUMENTATION_COMMENTS = YES;
				CLANG_WARN_EMPTY_BODY = YES;
				CLANG_WARN_ENUM_CONVERSION = YES;
				CLANG_WARN_INFINITE_RECURSION = YES;
				CLANG_WARN_INT_CONVERSION = YES;
				CLANG_WARN_NON_LITERAL_NULL_CONVERSION = YES;
				CLANG_WARN_OBJC_IMPLICIT_RETAIN_SELF = YES;
				CLANG_WARN_OBJC_LITERAL_CONVERSION = YES;
				CLANG_WARN_OBJC_ROOT_CLASS = YES_ERROR;
				CLANG_WARN_QUOTED_INCLUDE_IN_FRAMEWORK_HEADER = YES;
				CLANG_WARN_RANGE_LOOP_ANALYSIS = YES;
				CLANG_WARN_STRICT_PROTOTYPES = YES;
				CLANG_WARN_SUSPICIOUS_MOVE = YES;
				CLANG_WARN_UNGUARDED_AVAILABILITY = YES_AGGRESSIVE;
				CLANG_WARN_UNREACHABLE_CODE = YES;
				CLANG_WARN__DUPLICATE_METHOD_MATCH = YES;
				COPY_PHASE_STRIP = NO;
				DEBUG_INFORMATION_FORMAT = "dwarf-with-dsym";
				ENABLE_NS_ASSERTIONS = NO;
				ENABLE_STRICT_OBJC_MSGSEND = YES;
				ENABLE_USER_SCRIPT_SANDBOXING = YES;
				GCC_C_LANGUAGE_STANDARD = gnu11;
				GCC_NO_COMMON_BLOCKS = YES;
				GCC_WARN_64_TO_32_BIT_CONVERSION = YES;
				GCC_WARN_ABOUT_RETURN_TYPE = YES_ERROR;
				GCC_WARN_UNDECLARED_SELECTOR = YES;
				GCC_WARN_UNINITIALIZED_AUTOS = YES_AGGRESSIVE;
				GCC_WARN_UNUSED_FUNCTION = YES;
				GCC_WARN_UNUSED_VARIABLE = YES;
				IPHONEOS_DEPLOYMENT_TARGET = 17.0;
				MTL_ENABLE_DEBUG_INFO = NO;
				MTL_FAST_MATH = YES;
				SDKROOT = iphoneos;
				SWIFT_COMPILATION_MODE = wholemodule;
				SWIFT_OPTIMIZATION_LEVEL = "-O";
				VALIDATE_PRODUCT = YES;
			};
			name = Release;
		};
		DD664AF82AC0AA2B008B1363 /* Debug */ = {
			isa = XCBuildConfiguration;
			buildSettings = {
				ASSETCATALOG_COMPILER_APPICON_NAME = AppIcon;
				ASSETCATALOG_COMPILER_GLOBAL_ACCENT_COLOR_NAME = AccentColor;
				CODE_SIGN_STYLE = Automatic;
				CURRENT_PROJECT_VERSION = 1;
				DEVELOPMENT_TEAM = DJSBY67C3B;
				GENERATE_INFOPLIST_FILE = YES;
				INFOPLIST_FILE = rockPaperScissors/SupportingFiles/Info.plist;
				INFOPLIST_KEY_UIApplicationSupportsIndirectInputEvents = YES;
				INFOPLIST_KEY_UILaunchStoryboardName = LaunchScreen.storyboard;
				INFOPLIST_KEY_UISupportedInterfaceOrientations = UIInterfaceOrientationPortrait;
				INFOPLIST_KEY_UISupportedInterfaceOrientations_iPad = "UIInterfaceOrientationLandscapeLeft UIInterfaceOrientationLandscapeRight UIInterfaceOrientationPortrait UIInterfaceOrientationPortraitUpsideDown";
				IPHONEOS_DEPLOYMENT_TARGET = 14.0;
				LD_RUNPATH_SEARCH_PATHS = (
					"$(inherited)",
					"@executable_path/Frameworks",
				);
				MARKETING_VERSION = 1.0;
				PRODUCT_BUNDLE_IDENTIFIER = "Ivan-Byndiu.rockPaperScissors";
				PRODUCT_NAME = "$(TARGET_NAME)";
				SUPPORTED_PLATFORMS = "iphoneos iphonesimulator";
				SUPPORTS_MACCATALYST = NO;
				SUPPORTS_MAC_DESIGNED_FOR_IPHONE_IPAD = NO;
				SWIFT_EMIT_LOC_STRINGS = YES;
				SWIFT_VERSION = 5.0;
				TARGETED_DEVICE_FAMILY = 1;
			};
			name = Debug;
		};
		DD664AF92AC0AA2B008B1363 /* Release */ = {
			isa = XCBuildConfiguration;
			buildSettings = {
				ASSETCATALOG_COMPILER_APPICON_NAME = AppIcon;
				ASSETCATALOG_COMPILER_GLOBAL_ACCENT_COLOR_NAME = AccentColor;
				CODE_SIGN_STYLE = Automatic;
				CURRENT_PROJECT_VERSION = 1;
				DEVELOPMENT_TEAM = DJSBY67C3B;
				GENERATE_INFOPLIST_FILE = YES;
				INFOPLIST_FILE = rockPaperScissors/SupportingFiles/Info.plist;
				INFOPLIST_KEY_UIApplicationSupportsIndirectInputEvents = YES;
				INFOPLIST_KEY_UILaunchStoryboardName = LaunchScreen.storyboard;
				INFOPLIST_KEY_UISupportedInterfaceOrientations = UIInterfaceOrientationPortrait;
				INFOPLIST_KEY_UISupportedInterfaceOrientations_iPad = "UIInterfaceOrientationLandscapeLeft UIInterfaceOrientationLandscapeRight UIInterfaceOrientationPortrait UIInterfaceOrientationPortraitUpsideDown";
				IPHONEOS_DEPLOYMENT_TARGET = 14.0;
				LD_RUNPATH_SEARCH_PATHS = (
					"$(inherited)",
					"@executable_path/Frameworks",
				);
				MARKETING_VERSION = 1.0;
				PRODUCT_BUNDLE_IDENTIFIER = "Ivan-Byndiu.rockPaperScissors";
				PRODUCT_NAME = "$(TARGET_NAME)";
				SUPPORTED_PLATFORMS = "iphoneos iphonesimulator";
				SUPPORTS_MACCATALYST = NO;
				SUPPORTS_MAC_DESIGNED_FOR_IPHONE_IPAD = NO;
				SWIFT_EMIT_LOC_STRINGS = YES;
				SWIFT_VERSION = 5.0;
				TARGETED_DEVICE_FAMILY = 1;
			};
			name = Release;
		};
/* End XCBuildConfiguration section */

/* Begin XCConfigurationList section */
		DD664ADE2AC0AA29008B1363 /* Build configuration list for PBXProject "rockPaperScissors" */ = {
			isa = XCConfigurationList;
			buildConfigurations = (
				DD664AF52AC0AA2B008B1363 /* Debug */,
				DD664AF62AC0AA2B008B1363 /* Release */,
			);
			defaultConfigurationIsVisible = 0;
			defaultConfigurationName = Release;
		};
		DD664AF72AC0AA2B008B1363 /* Build configuration list for PBXNativeTarget "rockPaperScissors" */ = {
			isa = XCConfigurationList;
			buildConfigurations = (
				DD664AF82AC0AA2B008B1363 /* Debug */,
				DD664AF92AC0AA2B008B1363 /* Release */,
			);
			defaultConfigurationIsVisible = 0;
			defaultConfigurationName = Release;
		};
/* End XCConfigurationList section */
	};
	rootObject = DD664ADB2AC0AA29008B1363 /* Project object */;
}
